
Microsoft Visual Studio Solution File, Format Version 12.00
# Visual Studio Version 17
VisualStudioVersion = 17.11.35312.102
MinimumVisualStudioVersion = 10.0.40219.1
Project("{FAE04EC0-301F-11D3-BF4B-00C04F79EFBC}") = "AppTeste", "AppTeste.csproj", "{9ED270F8-F580-4979-8B37-1334E4EA03A5}"
EndProject
Global
	GlobalSection(SolutionConfigurationPlatforms) = preSolution
		Debug|Any CPU = Debug|Any CPU
		Release|Any CPU = Release|Any CPU
	EndGlobalSection
	GlobalSection(ProjectConfigurationPlatforms) = postSolution
		{9ED270F8-F580-4979-8B37-1334E4EA03A5}.Debug|Any CPU.ActiveCfg = Debug|Any CPU
		{9ED270F8-F580-4979-8B37-1334E4EA03A5}.Debug|Any CPU.Build.0 = Debug|Any CPU
		{9ED270F8-F580-4979-8B37-1334E4EA03A5}.Release|Any CPU.ActiveCfg = Release|Any CPU
		{9ED270F8-F580-4979-8B37-1334E4EA03A5}.Release|Any CPU.Build.0 = Release|Any CPU
	EndGlobalSection
	GlobalSection(SolutionProperties) = preSolution
		HideSolutionNode = FALSE
	EndGlobalSection
	GlobalSection(ExtensibilityGlobals) = postSolution
		SolutionGuid = {937A050C-55E6-49AE-BC76-827D47F168B6}
	EndGlobalSection
EndGlobal
